lockfileVersion: '9.0'

settings:
  autoInstallPeers: true
  excludeLinksFromLockfile: false

importers:

  .:
    dependencies:
      '@noble/hashes':
        specifier: ^2.2.0
        version: 2.2.0
      fodpr-ts-sdk:
        specifier: file:../../FodprTSSDK
        version: file:../../FodprTSSDK
      ws:
        specifier: ^8.21.2
        version: 8.21.2

packages:

  '@noble/hashes@2.2.0':
    resolution: {integrity: sha512-IYqDGiTXab6FniAgnSdZwgWbomxpy9FtYvLKs7wCUs2a8RkITG+DFGO1DM9cr+E3/RgADRpFjrKVaJ1z6sjtEg==}
    engines: {node: '>= 20.19.0'}

  '@noble/secp256k1@3.1.0':
    resolution: {integrity: sha512-+F7iS7tUMaNGXcc9X3PjmjvuQnXEuSjCRNzVVA2xAcKXgCaP0dHYz4SFyt4FKNHef7sOP//xihowcySSS7PK9g==}

  fodpr-ts-sdk@file:../../FodprTSSDK:
    resolution: {directory: ../../FodprTSSDK, type: directory}
    engines: {node: '>=18'}

  ws@8.21.2:
    resolution: {integrity: sha512-54dMVAo4WIe6SKy3vBgN+9bJZqqQ8IMRevAkOLQALhi49qkkQDQfWdAZ8KQlXiEabw88ARXXdUrlvtbKQX+aKw==}
    engines: {node: '>=10.0.0'}
    peerDependencies:
      bufferutil: ^4.0.1
      utf-8-validate: '>=5.0.2'
    peerDependenciesMeta:
      bufferutil:
        optional: true
      utf-8-validate:
        optional: true

snapshots:

  '@noble/hashes@2.2.0': {}

  '@noble/secp256k1@3.1.0': {}

  fodpr-ts-sdk@file:../../FodprTSSDK:
    dependencies:
      '@noble/hashes': 2.2.0
      '@noble/secp256k1': 3.1.0
      ws: 8.21.2
    transitivePeerDependencies:
      - bufferutil
      - utf-8-validate

  ws@8.21.2: {}
